{
  "name": "nandart-api",
  "version": "1.0.0",
  "lockfileVersion": 3,
  "requires": true,
  "packages": {
    "": {
      "name": "nandart-api",
      "version": "1.0.0",
      "license": "MIT",
      "dependencies": {
        "formidable": "^3.5.0",
        "node-fetch": "^3.3.2"
      }
    },
    "node_modules/formidable": {
      "version": "3.5.0",
      "resolved": "https://registry.npmjs.org/formidable/-/formidable-3.5.0.tgz",
      "integrity": "sha512-RhxJdN6CBn3JZ+yQrfwphldA53EkS0mlYo7iU4Zx4Oj3EM4KwYY2xUdr/9YfQm7i3PQdO4f4qk8LJp7vGcCPXg==",
      "engines": {
        "node": ">=12.0.0"
      }
    },
    "node_modules/node-fetch": {
      "version": "3.3.2",
      "resolved": "https://registry.npmjs.org/node-fetch/-/node-fetch-3.3.2.tgz",
      "integrity": "sha512-VxPjIUZ0Et4lVi5cpTYJBiP4J4ZV1XzNqJrJHKy5UpR/rruAjtoVdkRyl8By0G6iT52UvslmUV88Xyvl0Jhtig==",
      "engines": {
        "node": ">=12.20"
      },
      "type": "module"
    }
  },
  "dependencies": {
    "formidable": {
      "version": "3.5.0",
      "resolved": "https://registry.npmjs.org/formidable/-/formidable-3.5.0.tgz",
      "integrity": "sha512-RhxJdN6CBn3JZ+yQrfwphldA53EkS0mlYo7iU4Zx4Oj3EM4KwYY2xUdr/9YfQm7i3PQdO4f4qk8LJp7vGcCPXg=="
    },
    "node-fetch": {
      "version": "3.3.2",
      "resolved": "https://registry.npmjs.org/node-fetch/-/node-fetch-3.3.2.tgz",
      "integrity": "sha512-VxPjIUZ0Et4lVi5cpTYJBiP4J4ZV1XzNqJrJHKy5UpR/rruAjtoVdkRyl8By0G6iT52UvslmUV88Xyvl0Jhtig=="
    }
  }
}
